
Microsoft Visual Studio Solution File, Format Version 12.00
# Visual Studio Version 16
VisualStudioVersion = 16.0.30114.105
MinimumVisualStudioVersion = 10.0.40219.1
Project("{2150E333-8FDC-42A3-9474-1A3956D46DE8}") = "src", "src", "{0F22BAC9-75E7-4293-A0A2-67EC2C153379}"
EndProject
Project("{FAE04EC0-301F-11D3-BF4B-00C04F79EFBC}") = "Actio.Api", "src\Actio.Api\Actio.Api.csproj", "{C8941AA4-46DE-4C73-9488-7742F437FB14}"
EndProject
Project("{FAE04EC0-301F-11D3-BF4B-00C04F79EFBC}") = "Actio.Common", "src\Actio.Common\Actio.Common.csproj", "{094CACEE-A836-4235-A182-611DC0CF69C2}"
EndProject
Project("{FAE04EC0-301F-11D3-BF4B-00C04F79EFBC}") = "Actio.Services.Identity", "src\Actio.Services.Identity\Actio.Services.Identity.csproj", "{6D7AEB28-36BB-49BC-85BF-FF0978AFCA79}"
EndProject
Project("{FAE04EC0-301F-11D3-BF4B-00C04F79EFBC}") = "Actio.Services.Activities", "src\Actio.Services.Activities\Actio.Services.Activities.csproj", "{20453DAA-0C23-43BA-8F65-A30280C9F869}"
EndProject
Global
	GlobalSection(SolutionConfigurationPlatforms) = preSolution
		Debug|Any CPU = Debug|Any CPU
		Release|Any CPU = Release|Any CPU
	EndGlobalSection
	GlobalSection(SolutionProperties) = preSolution
		HideSolutionNode = FALSE
	EndGlobalSection
	GlobalSection(ProjectConfigurationPlatforms) = postSolution
		{C8941AA4-46DE-4C73-9488-7742F437FB14}.Debug|Any CPU.ActiveCfg = Debug|Any CPU
		{C8941AA4-46DE-4C73-9488-7742F437FB14}.Debug|Any CPU.Build.0 = Debug|Any CPU
		{C8941AA4-46DE-4C73-9488-7742F437FB14}.Release|Any CPU.ActiveCfg = Release|Any CPU
		{C8941AA4-46DE-4C73-9488-7742F437FB14}.Release|Any CPU.Build.0 = Release|Any CPU
		{094CACEE-A836-4235-A182-611DC0CF69C2}.Debug|Any CPU.ActiveCfg = Debug|Any CPU
		{094CACEE-A836-4235-A182-611DC0CF69C2}.Debug|Any CPU.Build.0 = Debug|Any CPU
		{094CACEE-A836-4235-A182-611DC0CF69C2}.Release|Any CPU.ActiveCfg = Release|Any CPU
		{094CACEE-A836-4235-A182-611DC0CF69C2}.Release|Any CPU.Build.0 = Release|Any CPU
		{6D7AEB28-36BB-49BC-85BF-FF0978AFCA79}.Debug|Any CPU.ActiveCfg = Debug|Any CPU
		{6D7AEB28-36BB-49BC-85BF-FF0978AFCA79}.Debug|Any CPU.Build.0 = Debug|Any CPU
		{6D7AEB28-36BB-49BC-85BF-FF0978AFCA79}.Release|Any CPU.ActiveCfg = Release|Any CPU
		{6D7AEB28-36BB-49BC-85BF-FF0978AFCA79}.Release|Any CPU.Build.0 = Release|Any CPU
		{20453DAA-0C23-43BA-8F65-A30280C9F869}.Debug|Any CPU.ActiveCfg = Debug|Any CPU
		{20453DAA-0C23-43BA-8F65-A30280C9F869}.Debug|Any CPU.Build.0 = Debug|Any CPU
		{20453DAA-0C23-43BA-8F65-A30280C9F869}.Release|Any CPU.ActiveCfg = Release|Any CPU
		{20453DAA-0C23-43BA-8F65-A30280C9F869}.Release|Any CPU.Build.0 = Release|Any CPU
	EndGlobalSection
	GlobalSection(NestedProjects) = preSolution
		{C8941AA4-46DE-4C73-9488-7742F437FB14} = {0F22BAC9-75E7-4293-A0A2-67EC2C153379}
		{094CACEE-A836-4235-A182-611DC0CF69C2} = {0F22BAC9-75E7-4293-A0A2-67EC2C153379}
		{6D7AEB28-36BB-49BC-85BF-FF0978AFCA79} = {0F22BAC9-75E7-4293-A0A2-67EC2C153379}
		{20453DAA-0C23-43BA-8F65-A30280C9F869} = {0F22BAC9-75E7-4293-A0A2-67EC2C153379}
	EndGlobalSection
EndGlobal
